Microsoft Visual Studio Solution File, Format Version 12.00
# Visual Studio Version 17
VisualStudioVersion = 17.2.32210.308
MinimumVisualStudioVersion = 15.0.26124.0
Project("{2150E333-8FDC-42A3-9474-1A3956D46DE8}") = "Source", "Source", "{08895C72-5945-429F-96CD-43FF12586C59}"
EndProject
Project("{2150E333-8FDC-42A3-9474-1A3956D46DE8}") = "Platforms", "Platforms", "{8B1D73F0-CA2B-4034-83C0-D5530AB8437D}"
EndProject
Project("{2150E333-8FDC-42A3-9474-1A3956D46DE8}") = "Backend", "Backend", "{C3F05C93-9563-4710-BB87-C85B03CDD26C}"
EndProject
Project("{2150E333-8FDC-42A3-9474-1A3956D46DE8}") = "Tests", "Tests", "{879C37CD-F0DB-485C-9E21-94832E55659B}"
EndProject
Project("{9A19103F-16F7-4668-BE54-9A1E7A4F7556}") = "SampleApp", "SampleApp\SampleApp\SampleApp.csproj", "{F50A5E14-D67F-4F93-A076-5DE55D03BED8}"
EndProject
Project("{9A19103F-16F7-4668-BE54-9A1E7A4F7556}") = "SampleApp.Mobile", "SampleApp\SampleApp.Mobile\SampleApp.Mobile.csproj", "{06570331-F603-4D5C-BB95-1F668A825D3D}"
EndProject
Project("{9A19103F-16F7-4668-BE54-9A1E7A4F7556}") = "SampleApp.Wasm", "SampleApp\SampleApp.Wasm\SampleApp.Wasm.csproj", "{BA2D9408-E8C4-4CEA-AE4F-3B9D97A1491E}"
EndProject
Project("{9A19103F-16F7-4668-BE54-9A1E7A4F7556}") = "SampleApp.Skia.Gtk", "SampleApp\SampleApp.Skia.Gtk\SampleApp.Skia.Gtk.csproj", "{D84A3F51-1FFD-46E5-90D2-06397AA066CD}"
EndProject
Project("{9A19103F-16F7-4668-BE54-9A1E7A4F7556}") = "SampleApp.Windows", "SampleApp\SampleApp.Windows\SampleApp.Windows.csproj", "{1D1D3741-8971-4B2D-856F-1BDAA44A4849}"
EndProject
Project("{9A19103F-16F7-4668-BE54-9A1E7A4F7556}") = "SampleApp.Server", "SampleApp\SampleApp.Server\SampleApp.Server.csproj", "{8F25A1C3-AFED-40A0-B3C2-4E225E9F3445}"
EndProject
Project("{9A19103F-16F7-4668-BE54-9A1E7A4F7556}") = "SampleApp.DataContracts", "SampleApp\SampleApp.DataContracts\SampleApp.DataContracts.csproj", "{8911047D-17BA-432B-BDC9-B3CBFC193502}"
EndProject
Project("{9A19103F-16F7-4668-BE54-9A1E7A4F7556}") = "SampleApp.Tests", "SampleApp\SampleApp.Tests\SampleApp.Tests.csproj", "{464D01F0-8AF5-4040-B3A7-0947D5FA0BE1}"
EndProject
Project("{9A19103F-16F7-4668-BE54-9A1E7A4F7556}") = "SampleApp.UITests", "SampleApp\SampleApp.UITests\SampleApp.UITests.csproj", "{B87ED3D1-476B-44BA-BE5E-3C1A936D5B1A}"
EndProject
Project("{2150E333-8FDC-42A3-9474-1A3956D46DE8}") = "Solution Items", "Solution Items", "{BADA71DC-7FFD-4EDC-9F28-FB74AEADC713}"
	ProjectSection(SolutionItems) = preProject
		SampleApp\Directory.Build.props = SampleApp\Directory.Build.props
		SampleApp\Directory.Build.targets = SampleApp\Directory.Build.targets
		SampleApp\global.json = SampleApp\global.json
	EndProjectSection
EndProject
Global
	GlobalSection(SolutionConfigurationPlatforms) = preSolution
		Debug|Any CPU = Debug|Any CPU
		Debug|ARM = Debug|ARM
		Debug|ARM64 = Debug|ARM64
		Debug|iPhone = Debug|iPhone
		Debug|iPhoneSimulator = Debug|iPhoneSimulator
		Debug|x64 = Debug|x64
		Debug|x86 = Debug|x86
		Release|Any CPU = Release|Any CPU
		Release|ARM = Release|ARM
		Release|ARM64 = Release|ARM64
		Release|iPhone = Release|iPhone
		Release|iPhoneSimulator = Release|iPhoneSimulator
		Release|x64 = Release|x64
		Release|x86 = Release|x86
	EndGlobalSection
	GlobalSection(ProjectConfigurationPlatforms) = postSolution
		{F50A5E14-D67F-4F93-A076-5DE55D03BED8}.Debug|Any CPU.ActiveCfg = Debug|Any CPU
		{F50A5E14-D67F-4F93-A076-5DE55D03BED8}.Debug|Any CPU.Build.0 = Debug|Any CPU
		{F50A5E14-D67F-4F93-A076-5DE55D03BED8}.Debug|ARM.ActiveCfg = Debug|Any CPU
		{F50A5E14-D67F-4F93-A076-5DE55D03BED8}.Debug|ARM.Build.0 = Debug|Any CPU
		{F50A5E14-D67F-4F93-A076-5DE55D03BED8}.Debug|ARM64.ActiveCfg = Debug|Any CPU
		{F50A5E14-D67F-4F93-A076-5DE55D03BED8}.Debug|ARM64.Build.0 = Debug|Any CPU
		{F50A5E14-D67F-4F93-A076-5DE55D03BED8}.Debug|iPhone.ActiveCfg = Debug|Any CPU
		{F50A5E14-D67F-4F93-A076-5DE55D03BED8}.Debug|iPhone.Build.0 = Debug|Any CPU
		{F50A5E14-D67F-4F93-A076-5DE55D03BED8}.Debug|iPhoneSimulator.ActiveCfg = Debug|Any CPU
		{F50A5E14-D67F-4F93-A076-5DE55D03BED8}.Debug|iPhoneSimulator.Build.0 = Debug|Any CPU
		{F50A5E14-D67F-4F93-A076-5DE55D03BED8}.Debug|x64.ActiveCfg = Debug|Any CPU
		{F50A5E14-D67F-4F93-A076-5DE55D03BED8}.Debug|x64.Build.0 = Debug|Any CPU
		{F50A5E14-D67F-4F93-A076-5DE55D03BED8}.Debug|x86.ActiveCfg = Debug|Any CPU
		{F50A5E14-D67F-4F93-A076-5DE55D03BED8}.Debug|x86.Build.0 = Debug|Any CPU
		{F50A5E14-D67F-4F93-A076-5DE55D03BED8}.Release|Any CPU.ActiveCfg = Release|Any CPU
		{F50A5E14-D67F-4F93-A076-5DE55D03BED8}.Release|Any CPU.Build.0 = Release|Any CPU
		{F50A5E14-D67F-4F93-A076-5DE55D03BED8}.Release|ARM.ActiveCfg = Release|Any CPU
		{F50A5E14-D67F-4F93-A076-5DE55D03BED8}.Release|ARM.Build.0 = Release|Any CPU
		{F50A5E14-D67F-4F93-A076-5DE55D03BED8}.Release|ARM64.ActiveCfg = Release|Any CPU
		{F50A5E14-D67F-4F93-A076-5DE55D03BED8}.Release|ARM64.Build.0 = Release|Any CPU
		{F50A5E14-D67F-4F93-A076-5DE55D03BED8}.Release|iPhone.ActiveCfg = Release|Any CPU
		{F50A5E14-D67F-4F93-A076-5DE55D03BED8}.Release|iPhone.Build.0 = Release|Any CPU
		{F50A5E14-D67F-4F93-A076-5DE55D03BED8}.Release|iPhoneSimulator.ActiveCfg = Release|Any CPU
		{F50A5E14-D67F-4F93-A076-5DE55D03BED8}.Release|iPhoneSimulator.Build.0 = Release|Any CPU
		{F50A5E14-D67F-4F93-A076-5DE55D03BED8}.Release|x64.ActiveCfg = Release|Any CPU
		{F50A5E14-D67F-4F93-A076-5DE55D03BED8}.Release|x64.Build.0 = Release|Any CPU
		{F50A5E14-D67F-4F93-A076-5DE55D03BED8}.Release|x86.ActiveCfg = Release|Any CPU
		{F50A5E14-D67F-4F93-A076-5DE55D03BED8}.Release|x86.Build.0 = Release|Any CPU
		{06570331-F603-4D5C-BB95-1F668A825D3D}.Debug|Any CPU.ActiveCfg = Debug|Any CPU
		{06570331-F603-4D5C-BB95-1F668A825D3D}.Debug|Any CPU.Build.0 = Debug|Any CPU
		{06570331-F603-4D5C-BB95-1F668A825D3D}.Debug|Any CPU.Deploy.0 = Debug|Any CPU
		{06570331-F603-4D5C-BB95-1F668A825D3D}.Debug|ARM.ActiveCfg = Debug|Any CPU
		{06570331-F603-4D5C-BB95-1F668A825D3D}.Debug|ARM.Build.0 = Debug|Any CPU
		{06570331-F603-4D5C-BB95-1F668A825D3D}.Debug|ARM.Deploy.0 = Debug|Any CPU
		{06570331-F603-4D5C-BB95-1F668A825D3D}.Debug|ARM64.ActiveCfg = Debug|Any CPU
		{06570331-F603-4D5C-BB95-1F668A825D3D}.Debug|ARM64.Build.0 = Debug|Any CPU
		{06570331-F603-4D5C-BB95-1F668A825D3D}.Debug|ARM64.Deploy.0 = Debug|Any CPU
		{06570331-F603-4D5C-BB95-1F668A825D3D}.Debug|iPhone.ActiveCfg = Debug|Any CPU
		{06570331-F603-4D5C-BB95-1F668A825D3D}.Debug|iPhone.Build.0 = Debug|Any CPU
		{06570331-F603-4D5C-BB95-1F668A825D3D}.Debug|iPhone.Deploy.0 = Debug|Any CPU
		{06570331-F603-4D5C-BB95-1F668A825D3D}.Debug|iPhoneSimulator.ActiveCfg = Debug|Any CPU
		{06570331-F603-4D5C-BB95-1F668A825D3D}.Debug|iPhoneSimulator.Build.0 = Debug|Any CPU
		{06570331-F603-4D5C-BB95-1F668A825D3D}.Debug|iPhoneSimulator.Deploy.0 = Debug|Any CPU
		{06570331-F603-4D5C-BB95-1F668A825D3D}.Debug|x64.ActiveCfg = Debug|Any CPU
		{06570331-F603-4D5C-BB95-1F668A825D3D}.Debug|x64.Build.0 = Debug|Any CPU
		{06570331-F603-4D5C-BB95-1F668A825D3D}.Debug|x64.Deploy.0 = Debug|Any CPU
		{06570331-F603-4D5C-BB95-1F668A825D3D}.Debug|x86.ActiveCfg = Debug|Any CPU
		{06570331-F603-4D5C-BB95-1F668A825D3D}.Debug|x86.Build.0 = Debug|Any CPU
		{06570331-F603-4D5C-BB95-1F668A825D3D}.Debug|x86.Deploy.0 = Debug|Any CPU
		{06570331-F603-4D5C-BB95-1F668A825D3D}.Release|Any CPU.ActiveCfg = Release|Any CPU
		{06570331-F603-4D5C-BB95-1F668A825D3D}.Release|Any CPU.Build.0 = Release|Any CPU
		{06570331-F603-4D5C-BB95-1F668A825D3D}.Release|Any CPU.Deploy.0 = Release|Any CPU
		{06570331-F603-4D5C-BB95-1F668A825D3D}.Release|ARM.ActiveCfg = Release|Any CPU
		{06570331-F603-4D5C-BB95-1F668A825D3D}.Release|ARM.Build.0 = Release|Any CPU
		{06570331-F603-4D5C-BB95-1F668A825D3D}.Release|ARM.Deploy.0 = Release|Any CPU
		{06570331-F603-4D5C-BB95-1F668A825D3D}.Release|ARM64.ActiveCfg = Release|Any CPU
		{06570331-F603-4D5C-BB95-1F668A825D3D}.Release|ARM64.Build.0 = Release|Any CPU
		{06570331-F603-4D5C-BB95-1F668A825D3D}.Release|ARM64.Deploy.0 = Release|Any CPU
		{06570331-F603-4D5C-BB95-1F668A825D3D}.Release|iPhone.ActiveCfg = Release|Any CPU
		{06570331-F603-4D5C-BB95-1F668A825D3D}.Release|iPhone.Build.0 = Release|Any CPU
		{06570331-F603-4D5C-BB95-1F668A825D3D}.Release|iPhone.Deploy.0 = Release|Any CPU
		{06570331-F603-4D5C-BB95-1F668A825D3D}.Release|iPhoneSimulator.ActiveCfg = Release|Any CPU
		{06570331-F603-4D5C-BB95-1F668A825D3D}.Release|iPhoneSimulator.Build.0 = Release|Any CPU
		{06570331-F603-4D5C-BB95-1F668A825D3D}.Release|iPhoneSimulator.Deploy.0 = Release|Any CPU
		{06570331-F603-4D5C-BB95-1F668A825D3D}.Release|x64.ActiveCfg = Release|Any CPU
		{06570331-F603-4D5C-BB95-1F668A825D3D}.Release|x64.Build.0 = Release|Any CPU
		{06570331-F603-4D5C-BB95-1F668A825D3D}.Release|x64.Deploy.0 = Release|Any CPU
		{06570331-F603-4D5C-BB95-1F668A825D3D}.Release|x86.ActiveCfg = Release|Any CPU
		{06570331-F603-4D5C-BB95-1F668A825D3D}.Release|x86.Build.0 = Release|Any CPU
		{06570331-F603-4D5C-BB95-1F668A825D3D}.Release|x86.Deploy.0 = Release|Any CPU
		{BA2D9408-E8C4-4CEA-AE4F-3B9D97A1491E}.Debug|Any CPU.ActiveCfg = Debug|Any CPU
		{BA2D9408-E8C4-4CEA-AE4F-3B9D97A1491E}.Debug|Any CPU.Build.0 = Debug|Any CPU
		{BA2D9408-E8C4-4CEA-AE4F-3B9D97A1491E}.Debug|ARM.ActiveCfg = Debug|Any CPU
		{BA2D9408-E8C4-4CEA-AE4F-3B9D97A1491E}.Debug|ARM.Build.0 = Debug|Any CPU
		{BA2D9408-E8C4-4CEA-AE4F-3B9D97A1491E}.Debug|ARM64.ActiveCfg = Debug|Any CPU
		{BA2D9408-E8C4-4CEA-AE4F-3B9D97A1491E}.Debug|ARM64.Build.0 = Debug|Any CPU
		{BA2D9408-E8C4-4CEA-AE4F-3B9D97A1491E}.Debug|iPhone.ActiveCfg = Debug|Any CPU
		{BA2D9408-E8C4-4CEA-AE4F-3B9D97A1491E}.Debug|iPhone.Build.0 = Debug|Any CPU
		{BA2D9408-E8C4-4CEA-AE4F-3B9D97A1491E}.Debug|iPhoneSimulator.ActiveCfg = Debug|Any CPU
		{BA2D9408-E8C4-4CEA-AE4F-3B9D97A1491E}.Debug|iPhoneSimulator.Build.0 = Debug|Any CPU
		{BA2D9408-E8C4-4CEA-AE4F-3B9D97A1491E}.Debug|x64.ActiveCfg = Debug|Any CPU
		{BA2D9408-E8C4-4CEA-AE4F-3B9D97A1491E}.Debug|x64.Build.0 = Debug|Any CPU
		{BA2D9408-E8C4-4CEA-AE4F-3B9D97A1491E}.Debug|x86.ActiveCfg = Debug|Any CPU
		{BA2D9408-E8C4-4CEA-AE4F-3B9D97A1491E}.Debug|x86.Build.0 = Debug|Any CPU
		{BA2D9408-E8C4-4CEA-AE4F-3B9D97A1491E}.Release|Any CPU.ActiveCfg = Release|Any CPU
		{BA2D9408-E8C4-4CEA-AE4F-3B9D97A1491E}.Release|Any CPU.Build.0 = Release|Any CPU
		{BA2D9408-E8C4-4CEA-AE4F-3B9D97A1491E}.Release|ARM.ActiveCfg = Release|Any CPU
		{BA2D9408-E8C4-4CEA-AE4F-3B9D97A1491E}.Release|ARM.Build.0 = Release|Any CPU
		{BA2D9408-E8C4-4CEA-AE4F-3B9D97A1491E}.Release|ARM64.ActiveCfg = Release|Any CPU
		{BA2D9408-E8C4-4CEA-AE4F-3B9D97A1491E}.Release|ARM64.Build.0 = Release|Any CPU
		{BA2D9408-E8C4-4CEA-AE4F-3B9D97A1491E}.Release|iPhone.ActiveCfg = Release|Any CPU
		{BA2D9408-E8C4-4CEA-AE4F-3B9D97A1491E}.Release|iPhone.Build.0 = Release|Any CPU
		{BA2D9408-E8C4-4CEA-AE4F-3B9D97A1491E}.Release|iPhoneSimulator.ActiveCfg = Release|Any CPU
		{BA2D9408-E8C4-4CEA-AE4F-3B9D97A1491E}.Release|iPhoneSimulator.Build.0 = Release|Any CPU
		{BA2D9408-E8C4-4CEA-AE4F-3B9D97A1491E}.Release|x64.ActiveCfg = Release|Any CPU
		{BA2D9408-E8C4-4CEA-AE4F-3B9D97A1491E}.Release|x64.Build.0 = Release|Any CPU
		{BA2D9408-E8C4-4CEA-AE4F-3B9D97A1491E}.Release|x86.ActiveCfg = Release|Any CPU
		{BA2D9408-E8C4-4CEA-AE4F-3B9D97A1491E}.Release|x86.Build.0 = Release|Any CPU
		{D84A3F51-1FFD-46E5-90D2-06397AA066CD}.Debug|Any CPU.ActiveCfg = Debug|Any CPU
		{D84A3F51-1FFD-46E5-90D2-06397AA066CD}.Debug|Any CPU.Build.0 = Debug|Any CPU
		{D84A3F51-1FFD-46E5-90D2-06397AA066CD}.Debug|ARM.ActiveCfg = Debug|Any CPU
		{D84A3F51-1FFD-46E5-90D2-06397AA066CD}.Debug|ARM.Build.0 = Debug|Any CPU
		{D84A3F51-1FFD-46E5-90D2-06397AA066CD}.Debug|ARM64.ActiveCfg = Debug|Any CPU
		{D84A3F51-1FFD-46E5-90D2-06397AA066CD}.Debug|ARM64.Build.0 = Debug|Any CPU
		{D84A3F51-1FFD-46E5-90D2-06397AA066CD}.Debug|iPhone.ActiveCfg = Debug|Any CPU
		{D84A3F51-1FFD-46E5-90D2-06397AA066CD}.Debug|iPhone.Build.0 = Debug|Any CPU
		{D84A3F51-1FFD-46E5-90D2-06397AA066CD}.Debug|iPhoneSimulator.ActiveCfg = Debug|Any CPU
		{D84A3F51-1FFD-46E5-90D2-06397AA066CD}.Debug|iPhoneSimulator.Build.0 = Debug|Any CPU
		{D84A3F51-1FFD-46E5-90D2-06397AA066CD}.Debug|x64.ActiveCfg = Debug|Any CPU
		{D84A3F51-1FFD-46E5-90D2-06397AA066CD}.Debug|x64.Build.0 = Debug|Any CPU
		{D84A3F51-1FFD-46E5-90D2-06397AA066CD}.Debug|x86.ActiveCfg = Debug|Any CPU
		{D84A3F51-1FFD-46E5-90D2-06397AA066CD}.Debug|x86.Build.0 = Debug|Any CPU
		{D84A3F51-1FFD-46E5-90D2-06397AA066CD}.Release|Any CPU.ActiveCfg = Release|Any CPU
		{D84A3F51-1FFD-46E5-90D2-06397AA066CD}.Release|Any CPU.Build.0 = Release|Any CPU
		{D84A3F51-1FFD-46E5-90D2-06397AA066CD}.Release|ARM.ActiveCfg = Release|Any CPU
		{D84A3F51-1FFD-46E5-90D2-06397AA066CD}.Release|ARM.Build.0 = Release|Any CPU
		{D84A3F51-1FFD-46E5-90D2-06397AA066CD}.Release|ARM64.ActiveCfg = Release|Any CPU
		{D84A3F51-1FFD-46E5-90D2-06397AA066CD}.Release|ARM64.Build.0 = Release|Any CPU
		{D84A3F51-1FFD-46E5-90D2-06397AA066CD}.Release|iPhone.ActiveCfg = Release|Any CPU
		{D84A3F51-1FFD-46E5-90D2-06397AA066CD}.Release|iPhone.Build.0 = Release|Any CPU
		{D84A3F51-1FFD-46E5-90D2-06397AA066CD}.Release|iPhoneSimulator.ActiveCfg = Release|Any CPU
		{D84A3F51-1FFD-46E5-90D2-06397AA066CD}.Release|iPhoneSimulator.Build.0 = Release|Any CPU
		{D84A3F51-1FFD-46E5-90D2-06397AA066CD}.Release|x64.ActiveCfg = Release|Any CPU
		{D84A3F51-1FFD-46E5-90D2-06397AA066CD}.Release|x64.Build.0 = Release|Any CPU
		{D84A3F51-1FFD-46E5-90D2-06397AA066CD}.Release|x86.ActiveCfg = Release|Any CPU
		{D84A3F51-1FFD-46E5-90D2-06397AA066CD}.Release|x86.Build.0 = Release|Any CPU
		{1D1D3741-8971-4B2D-856F-1BDAA44A4849}.Debug|Any CPU.ActiveCfg = Debug|x64
		{1D1D3741-8971-4B2D-856F-1BDAA44A4849}.Debug|Any CPU.Build.0 = Debug|x64
		{1D1D3741-8971-4B2D-856F-1BDAA44A4849}.Debug|Any CPU.Deploy.0 = Debug|x64
		{1D1D3741-8971-4B2D-856F-1BDAA44A4849}.Debug|ARM.ActiveCfg = Debug|x64
		{1D1D3741-8971-4B2D-856F-1BDAA44A4849}.Debug|ARM.Build.0 = Debug|x64
		{1D1D3741-8971-4B2D-856F-1BDAA44A4849}.Debug|ARM.Deploy.0 = Debug|x64
		{1D1D3741-8971-4B2D-856F-1BDAA44A4849}.Debug|ARM64.ActiveCfg = Debug|arm64
		{1D1D3741-8971-4B2D-856F-1BDAA44A4849}.Debug|ARM64.Build.0 = Debug|arm64
		{1D1D3741-8971-4B2D-856F-1BDAA44A4849}.Debug|ARM64.Deploy.0 = Debug|arm64
		{1D1D3741-8971-4B2D-856F-1BDAA44A4849}.Debug|iPhone.ActiveCfg = Debug|x64
		{1D1D3741-8971-4B2D-856F-1BDAA44A4849}.Debug|iPhone.Build.0 = Debug|x64
		{1D1D3741-8971-4B2D-856F-1BDAA44A4849}.Debug|iPhone.Deploy.0 = Debug|x64
		{1D1D3741-8971-4B2D-856F-1BDAA44A4849}.Debug|iPhoneSimulator.ActiveCfg = Debug|x64
		{1D1D3741-8971-4B2D-856F-1BDAA44A4849}.Debug|iPhoneSimulator.Build.0 = Debug|x64
		{1D1D3741-8971-4B2D-856F-1BDAA44A4849}.Debug|iPhoneSimulator.Deploy.0 = Debug|x64
		{1D1D3741-8971-4B2D-856F-1BDAA44A4849}.Debug|x64.ActiveCfg = Debug|x64
		{1D1D3741-8971-4B2D-856F-1BDAA44A4849}.Debug|x64.Build.0 = Debug|x64
		{1D1D3741-8971-4B2D-856F-1BDAA44A4849}.Debug|x86.ActiveCfg = Debug|x86
		{1D1D3741-8971-4B2D-856F-1BDAA44A4849}.Debug|x86.Build.0 = Debug|x86
		{1D1D3741-8971-4B2D-856F-1BDAA44A4849}.Release|Any CPU.ActiveCfg = Release|x64
		{1D1D3741-8971-4B2D-856F-1BDAA44A4849}.Release|Any CPU.Build.0 = Release|x64
		{1D1D3741-8971-4B2D-856F-1BDAA44A4849}.Release|Any CPU.Deploy.0 = Release|x64
		{1D1D3741-8971-4B2D-856F-1BDAA44A4849}.Release|ARM.ActiveCfg = Release|x64
		{1D1D3741-8971-4B2D-856F-1BDAA44A4849}.Release|ARM.Build.0 = Release|x64
		{1D1D3741-8971-4B2D-856F-1BDAA44A4849}.Release|ARM64.ActiveCfg = Release|arm64
		{1D1D3741-8971-4B2D-856F-1BDAA44A4849}.Release|ARM64.Build.0 = Release|arm64
		{1D1D3741-8971-4B2D-856F-1BDAA44A4849}.Release|iPhone.ActiveCfg = Release|x64
		{1D1D3741-8971-4B2D-856F-1BDAA44A4849}.Release|iPhone.Build.0 = Release|x64
		{1D1D3741-8971-4B2D-856F-1BDAA44A4849}.Release|iPhoneSimulator.ActiveCfg = Release|x64
		{1D1D3741-8971-4B2D-856F-1BDAA44A4849}.Release|iPhoneSimulator.Build.0 = Release|x64
		{1D1D3741-8971-4B2D-856F-1BDAA44A4849}.Release|x64.ActiveCfg = Release|x64
		{1D1D3741-8971-4B2D-856F-1BDAA44A4849}.Release|x64.Build.0 = Release|x64
		{1D1D3741-8971-4B2D-856F-1BDAA44A4849}.Release|x86.ActiveCfg = Release|x86
		{1D1D3741-8971-4B2D-856F-1BDAA44A4849}.Release|x86.Build.0 = Release|x86
		{8F25A1C3-AFED-40A0-B3C2-4E225E9F3445}.Debug|Any CPU.ActiveCfg = Debug|Any CPU
		{8F25A1C3-AFED-40A0-B3C2-4E225E9F3445}.Debug|Any CPU.Build.0 = Debug|Any CPU
		{8F25A1C3-AFED-40A0-B3C2-4E225E9F3445}.Debug|ARM.ActiveCfg = Debug|Any CPU
		{8F25A1C3-AFED-40A0-B3C2-4E225E9F3445}.Debug|ARM.Build.0 = Debug|Any CPU
		{8F25A1C3-AFED-40A0-B3C2-4E225E9F3445}.Debug|ARM64.ActiveCfg = Debug|Any CPU
		{8F25A1C3-AFED-40A0-B3C2-4E225E9F3445}.Debug|ARM64.Build.0 = Debug|Any CPU
		{8F25A1C3-AFED-40A0-B3C2-4E225E9F3445}.Debug|iPhone.ActiveCfg = Debug|Any CPU
		{8F25A1C3-AFED-40A0-B3C2-4E225E9F3445}.Debug|iPhone.Build.0 = Debug|Any CPU
		{8F25A1C3-AFED-40A0-B3C2-4E225E9F3445}.Debug|iPhoneSimulator.ActiveCfg = Debug|Any CPU
		{8F25A1C3-AFED-40A0-B3C2-4E225E9F3445}.Debug|iPhoneSimulator.Build.0 = Debug|Any CPU
		{8F25A1C3-AFED-40A0-B3C2-4E225E9F3445}.Debug|x64.ActiveCfg = Debug|Any CPU
		{8F25A1C3-AFED-40A0-B3C2-4E225E9F3445}.Debug|x64.Build.0 = Debug|Any CPU
		{8F25A1C3-AFED-40A0-B3C2-4E225E9F3445}.Debug|x86.ActiveCfg = Debug|Any CPU
		{8F25A1C3-AFED-40A0-B3C2-4E225E9F3445}.Debug|x86.Build.0 = Debug|Any CPU
		{8F25A1C3-AFED-40A0-B3C2-4E225E9F3445}.Release|Any CPU.ActiveCfg = Release|Any CPU
		{8F25A1C3-AFED-40A0-B3C2-4E225E9F3445}.Release|Any CPU.Build.0 = Release|Any CPU
		{8F25A1C3-AFED-40A0-B3C2-4E225E9F3445}.Release|ARM.ActiveCfg = Release|Any CPU
		{8F25A1C3-AFED-40A0-B3C2-4E225E9F3445}.Release|ARM.Build.0 = Release|Any CPU
		{8F25A1C3-AFED-40A0-B3C2-4E225E9F3445}.Release|ARM64.ActiveCfg = Release|Any CPU
		{8F25A1C3-AFED-40A0-B3C2-4E225E9F3445}.Release|ARM64.Build.0 = Release|Any CPU
		{8F25A1C3-AFED-40A0-B3C2-4E225E9F3445}.Release|iPhone.ActiveCfg = Release|Any CPU
		{8F25A1C3-AFED-40A0-B3C2-4E225E9F3445}.Release|iPhone.Build.0 = Release|Any CPU
		{8F25A1C3-AFED-40A0-B3C2-4E225E9F3445}.Release|iPhoneSimulator.ActiveCfg = Release|Any CPU
		{8F25A1C3-AFED-40A0-B3C2-4E225E9F3445}.Release|iPhoneSimulator.Build.0 = Release|Any CPU
		{8F25A1C3-AFED-40A0-B3C2-4E225E9F3445}.Release|x64.ActiveCfg = Release|Any CPU
		{8F25A1C3-AFED-40A0-B3C2-4E225E9F3445}.Release|x64.Build.0 = Release|Any CPU
		{8F25A1C3-AFED-40A0-B3C2-4E225E9F3445}.Release|x86.ActiveCfg = Release|Any CPU
		{8F25A1C3-AFED-40A0-B3C2-4E225E9F3445}.Release|x86.Build.0 = Release|Any CPU
		{8911047D-17BA-432B-BDC9-B3CBFC193502}.Debug|Any CPU.ActiveCfg = Debug|Any CPU
		{8911047D-17BA-432B-BDC9-B3CBFC193502}.Debug|Any CPU.Build.0 = Debug|Any CPU
		{8911047D-17BA-432B-BDC9-B3CBFC193502}.Debug|ARM.ActiveCfg = Debug|Any CPU
		{8911047D-17BA-432B-BDC9-B3CBFC193502}.Debug|ARM.Build.0 = Debug|Any CPU
		{8911047D-17BA-432B-BDC9-B3CBFC193502}.Debug|ARM64.ActiveCfg = Debug|Any CPU
		{8911047D-17BA-432B-BDC9-B3CBFC193502}.Debug|ARM64.Build.0 = Debug|Any CPU
		{8911047D-17BA-432B-BDC9-B3CBFC193502}.Debug|iPhone.ActiveCfg = Debug|Any CPU
		{8911047D-17BA-432B-BDC9-B3CBFC193502}.Debug|iPhone.Build.0 = Debug|Any CPU
		{8911047D-17BA-432B-BDC9-B3CBFC193502}.Debug|iPhoneSimulator.ActiveCfg = Debug|Any CPU
		{8911047D-17BA-432B-BDC9-B3CBFC193502}.Debug|iPhoneSimulator.Build.0 = Debug|Any CPU
		{8911047D-17BA-432B-BDC9-B3CBFC193502}.Debug|x64.ActiveCfg = Debug|Any CPU
		{8911047D-17BA-432B-BDC9-B3CBFC193502}.Debug|x64.Build.0 = Debug|Any CPU
		{8911047D-17BA-432B-BDC9-B3CBFC193502}.Debug|x86.ActiveCfg = Debug|Any CPU
		{8911047D-17BA-432B-BDC9-B3CBFC193502}.Debug|x86.Build.0 = Debug|Any CPU
		{8911047D-17BA-432B-BDC9-B3CBFC193502}.Release|Any CPU.ActiveCfg = Release|Any CPU
		{8911047D-17BA-432B-BDC9-B3CBFC193502}.Release|Any CPU.Build.0 = Release|Any CPU
		{8911047D-17BA-432B-BDC9-B3CBFC193502}.Release|ARM.ActiveCfg = Release|Any CPU
		{8911047D-17BA-432B-BDC9-B3CBFC193502}.Release|ARM.Build.0 = Release|Any CPU
		{8911047D-17BA-432B-BDC9-B3CBFC193502}.Release|ARM64.ActiveCfg = Release|Any CPU
		{8911047D-17BA-432B-BDC9-B3CBFC193502}.Release|ARM64.Build.0 = Release|Any CPU
		{8911047D-17BA-432B-BDC9-B3CBFC193502}.Release|iPhone.ActiveCfg = Release|Any CPU
		{8911047D-17BA-432B-BDC9-B3CBFC193502}.Release|iPhone.Build.0 = Release|Any CPU
		{8911047D-17BA-432B-BDC9-B3CBFC193502}.Release|iPhoneSimulator.ActiveCfg = Release|Any CPU
		{8911047D-17BA-432B-BDC9-B3CBFC193502}.Release|iPhoneSimulator.Build.0 = Release|Any CPU
		{8911047D-17BA-432B-BDC9-B3CBFC193502}.Release|x64.ActiveCfg = Release|Any CPU
		{8911047D-17BA-432B-BDC9-B3CBFC193502}.Release|x64.Build.0 = Release|Any CPU
		{8911047D-17BA-432B-BDC9-B3CBFC193502}.Release|x86.ActiveCfg = Release|Any CPU
		{8911047D-17BA-432B-BDC9-B3CBFC193502}.Release|x86.Build.0 = Release|Any CPU
		{464D01F0-8AF5-4040-B3A7-0947D5FA0BE1}.Debug|Any CPU.ActiveCfg = Debug|Any CPU
		{464D01F0-8AF5-4040-B3A7-0947D5FA0BE1}.Debug|Any CPU.Build.0 = Debug|Any CPU
		{464D01F0-8AF5-4040-B3A7-0947D5FA0BE1}.Debug|ARM.ActiveCfg = Debug|Any CPU
		{464D01F0-8AF5-4040-B3A7-0947D5FA0BE1}.Debug|ARM.Build.0 = Debug|Any CPU
		{464D01F0-8AF5-4040-B3A7-0947D5FA0BE1}.Debug|ARM64.ActiveCfg = Debug|Any CPU
		{464D01F0-8AF5-4040-B3A7-0947D5FA0BE1}.Debug|ARM64.Build.0 = Debug|Any CPU
		{464D01F0-8AF5-4040-B3A7-0947D5FA0BE1}.Debug|iPhone.ActiveCfg = Debug|Any CPU
		{464D01F0-8AF5-4040-B3A7-0947D5FA0BE1}.Debug|iPhone.Build.0 = Debug|Any CPU
		{464D01F0-8AF5-4040-B3A7-0947D5FA0BE1}.Debug|iPhoneSimulator.ActiveCfg = Debug|Any CPU
		{464D01F0-8AF5-4040-B3A7-0947D5FA0BE1}.Debug|iPhoneSimulator.Build.0 = Debug|Any CPU
		{464D01F0-8AF5-4040-B3A7-0947D5FA0BE1}.Debug|x64.ActiveCfg = Debug|Any CPU
		{464D01F0-8AF5-4040-B3A7-0947D5FA0BE1}.Debug|x64.Build.0 = Debug|Any CPU
		{464D01F0-8AF5-4040-B3A7-0947D5FA0BE1}.Debug|x86.ActiveCfg = Debug|Any CPU
		{464D01F0-8AF5-4040-B3A7-0947D5FA0BE1}.Debug|x86.Build.0 = Debug|Any CPU
		{464D01F0-8AF5-4040-B3A7-0947D5FA0BE1}.Release|Any CPU.ActiveCfg = Release|Any CPU
		{464D01F0-8AF5-4040-B3A7-0947D5FA0BE1}.Release|Any CPU.Build.0 = Release|Any CPU
		{464D01F0-8AF5-4040-B3A7-0947D5FA0BE1}.Release|ARM.ActiveCfg = Release|Any CPU
		{464D01F0-8AF5-4040-B3A7-0947D5FA0BE1}.Release|ARM.Build.0 = Release|Any CPU
		{464D01F0-8AF5-4040-B3A7-0947D5FA0BE1}.Release|ARM64.ActiveCfg = Release|Any CPU
		{464D01F0-8AF5-4040-B3A7-0947D5FA0BE1}.Release|ARM64.Build.0 = Release|Any CPU
		{464D01F0-8AF5-4040-B3A7-0947D5FA0BE1}.Release|iPhone.ActiveCfg = Release|Any CPU
		{464D01F0-8AF5-4040-B3A7-0947D5FA0BE1}.Release|iPhone.Build.0 = Release|Any CPU
		{464D01F0-8AF5-4040-B3A7-0947D5FA0BE1}.Release|iPhoneSimulator.ActiveCfg = Release|Any CPU
		{464D01F0-8AF5-4040-B3A7-0947D5FA0BE1}.Release|iPhoneSimulator.Build.0 = Release|Any CPU
		{464D01F0-8AF5-4040-B3A7-0947D5FA0BE1}.Release|x64.ActiveCfg = Release|Any CPU
		{464D01F0-8AF5-4040-B3A7-0947D5FA0BE1}.Release|x64.Build.0 = Release|Any CPU
		{464D01F0-8AF5-4040-B3A7-0947D5FA0BE1}.Release|x86.ActiveCfg = Release|Any CPU
		{464D01F0-8AF5-4040-B3A7-0947D5FA0BE1}.Release|x86.Build.0 = Release|Any CPU
		{B87ED3D1-476B-44BA-BE5E-3C1A936D5B1A}.Debug|Any CPU.ActiveCfg = Debug|Any CPU
		{B87ED3D1-476B-44BA-BE5E-3C1A936D5B1A}.Debug|Any CPU.Build.0 = Debug|Any CPU
		{B87ED3D1-476B-44BA-BE5E-3C1A936D5B1A}.Debug|ARM.ActiveCfg = Debug|Any CPU
		{B87ED3D1-476B-44BA-BE5E-3C1A936D5B1A}.Debug|ARM.Build.0 = Debug|Any CPU
		{B87ED3D1-476B-44BA-BE5E-3C1A936D5B1A}.Debug|ARM64.ActiveCfg = Debug|Any CPU
		{B87ED3D1-476B-44BA-BE5E-3C1A936D5B1A}.Debug|ARM64.Build.0 = Debug|Any CPU
		{B87ED3D1-476B-44BA-BE5E-3C1A936D5B1A}.Debug|iPhone.ActiveCfg = Debug|Any CPU
		{B87ED3D1-476B-44BA-BE5E-3C1A936D5B1A}.Debug|iPhone.Build.0 = Debug|Any CPU
		{B87ED3D1-476B-44BA-BE5E-3C1A936D5B1A}.Debug|iPhoneSimulator.ActiveCfg = Debug|Any CPU
		{B87ED3D1-476B-44BA-BE5E-3C1A936D5B1A}.Debug|iPhoneSimulator.Build.0 = Debug|Any CPU
		{B87ED3D1-476B-44BA-BE5E-3C1A936D5B1A}.Debug|x64.ActiveCfg = Debug|Any CPU
		{B87ED3D1-476B-44BA-BE5E-3C1A936D5B1A}.Debug|x64.Build.0 = Debug|Any CPU
		{B87ED3D1-476B-44BA-BE5E-3C1A936D5B1A}.Debug|x86.ActiveCfg = Debug|Any CPU
		{B87ED3D1-476B-44BA-BE5E-3C1A936D5B1A}.Debug|x86.Build.0 = Debug|Any CPU
		{B87ED3D1-476B-44BA-BE5E-3C1A936D5B1A}.Release|Any CPU.ActiveCfg = Release|Any CPU
		{B87ED3D1-476B-44BA-BE5E-3C1A936D5B1A}.Release|Any CPU.Build.0 = Release|Any CPU
		{B87ED3D1-476B-44BA-BE5E-3C1A936D5B1A}.Release|ARM.ActiveCfg = Release|Any CPU
		{B87ED3D1-476B-44BA-BE5E-3C1A936D5B1A}.Release|ARM.Build.0 = Release|Any CPU
		{B87ED3D1-476B-44BA-BE5E-3C1A936D5B1A}.Release|ARM64.ActiveCfg = Release|Any CPU
		{B87ED3D1-476B-44BA-BE5E-3C1A936D5B1A}.Release|ARM64.Build.0 = Release|Any CPU
		{B87ED3D1-476B-44BA-BE5E-3C1A936D5B1A}.Release|iPhone.ActiveCfg = Release|Any CPU
		{B87ED3D1-476B-44BA-BE5E-3C1A936D5B1A}.Release|iPhone.Build.0 = Release|Any CPU
		{B87ED3D1-476B-44BA-BE5E-3C1A936D5B1A}.Release|iPhoneSimulator.ActiveCfg = Release|Any CPU
		{B87ED3D1-476B-44BA-BE5E-3C1A936D5B1A}.Release|iPhoneSimulator.Build.0 = Release|Any CPU
		{B87ED3D1-476B-44BA-BE5E-3C1A936D5B1A}.Release|x64.ActiveCfg = Release|Any CPU
		{B87ED3D1-476B-44BA-BE5E-3C1A936D5B1A}.Release|x64.Build.0 = Release|Any CPU
		{B87ED3D1-476B-44BA-BE5E-3C1A936D5B1A}.Release|x86.ActiveCfg = Release|Any CPU
		{B87ED3D1-476B-44BA-BE5E-3C1A936D5B1A}.Release|x86.Build.0 = Release|Any CPU
	EndGlobalSection
	GlobalSection(SolutionProperties) = preSolution
		HideSolutionNode = FALSE
	EndGlobalSection
	GlobalSection(NestedProjects) = preSolution
		{8B1D73F0-CA2B-4034-83C0-D5530AB8437D} = {08895C72-5945-429F-96CD-43FF12586C59}
		{C3F05C93-9563-4710-BB87-C85B03CDD26C} = {08895C72-5945-429F-96CD-43FF12586C59}
		{F50A5E14-D67F-4F93-A076-5DE55D03BED8} = {08895C72-5945-429F-96CD-43FF12586C59}
		{06570331-F603-4D5C-BB95-1F668A825D3D} = {8B1D73F0-CA2B-4034-83C0-D5530AB8437D}
		{BA2D9408-E8C4-4CEA-AE4F-3B9D97A1491E} = {8B1D73F0-CA2B-4034-83C0-D5530AB8437D}
		{D84A3F51-1FFD-46E5-90D2-06397AA066CD} = {8B1D73F0-CA2B-4034-83C0-D5530AB8437D}
		{1D1D3741-8971-4B2D-856F-1BDAA44A4849} = {8B1D73F0-CA2B-4034-83C0-D5530AB8437D}
		{8F25A1C3-AFED-40A0-B3C2-4E225E9F3445} = {C3F05C93-9563-4710-BB87-C85B03CDD26C}
		{8911047D-17BA-432B-BDC9-B3CBFC193502} = {08895C72-5945-429F-96CD-43FF12586C59}
		{464D01F0-8AF5-4040-B3A7-0947D5FA0BE1} = {879C37CD-F0DB-485C-9E21-94832E55659B}
		{B87ED3D1-476B-44BA-BE5E-3C1A936D5B1A} = {879C37CD-F0DB-485C-9E21-94832E55659B}
	EndGlobalSection
	GlobalSection(ExtensibilityGlobals) = postSolution
		SolutionGuid = {E6800A4A-5333-4FC0-8ABA-11CA90603960}
	EndGlobalSection
EndGlobal
